// !$*UTF8*$!
{
	archiveVersion = 1;
	classes = {
	};
	objectVersion = 55;
	objects = {

/* Begin PBXBuildFile section */
		AF07D27F2819AFDA00256E14 /* AppDelegate.swift in Sources */ = {isa = PBXBuildFile; fileRef = AF07D27E2819AFDA00256E14 /* AppDelegate.swift */; };
		AF07D2812819AFDA00256E14 /* SceneDelegate.swift in Sources */ = {isa = PBXBuildFile; fileRef = AF07D2802819AFDA00256E14 /* SceneDelegate.swift */; };
		AF07D2832819AFDA00256E14 /* MainTabBarController.swift in Sources */ = {isa = PBXBuildFile; fileRef = AF07D2822819AFDA00256E14 /* MainTabBarController.swift */; };
		AF07D2882819AFDD00256E14 /* Assets.xcassets in Resources */ = {isa = PBXBuildFile; fileRef = AF07D2872819AFDD00256E14 /* Assets.xcassets */; };
		AF07D28B2819AFDD00256E14 /* LaunchScreen.storyboard in Resources */ = {isa = PBXBuildFile; fileRef = AF07D2892819AFDD00256E14 /* LaunchScreen.storyboard */; };
		AF07D2942819B1AB00256E14 /* HomeViewController.swift in Sources */ = {isa = PBXBuildFile; fileRef = AF07D2932819B1AB00256E14 /* HomeViewController.swift */; };
		AF07D2962819B1D200256E14 /* UpcomingViewController.swift in Sources */ = {isa = PBXBuildFile; fileRef = AF07D2952819B1D200256E14 /* UpcomingViewController.swift */; };
		AF07D2982819B1EC00256E14 /* SearchViewController.swift in Sources */ = {isa = PBXBuildFile; fileRef = AF07D2972819B1EC00256E14 /* SearchViewController.swift */; };
		AF07D29A2819B20A00256E14 /* DownloadsViewController.swift in Sources */ = {isa = PBXBuildFile; fileRef = AF07D2992819B20A00256E14 /* DownloadsViewController.swift */; };
		AF07D2A12819DFCE00256E14 /* CollectionViewTableViewCell.swift in Sources */ = {isa = PBXBuildFile; fileRef = AF07D2A02819DFCD00256E14 /* CollectionViewTableViewCell.swift */; };
		AF07D2A32819E6E600256E14 /* HeroHeaderUIView.swift in Sources */ = {isa = PBXBuildFile; fileRef = AF07D2A22819E6E600256E14 /* HeroHeaderUIView.swift */; };
		AF64FFF3282160DB00DE0732 /* TitleTableViewCell.swift in Sources */ = {isa = PBXBuildFile; fileRef = AF64FFF2282160DB00DE0732 /* TitleTableViewCell.swift */; };
		AF64FFF5282163E500DE0732 /* TitleModel.swift in Sources */ = {isa = PBXBuildFile; fileRef = AF64FFF4282163E500DE0732 /* TitleModel.swift */; };
		AF64FFF7282195B800DE0732 /* SearchResultsViewController.swift in Sources */ = {isa = PBXBuildFile; fileRef = AF64FFF6282195B800DE0732 /* SearchResultsViewController.swift */; };
		AF64FFFB2822AA4300DE0732 /* YoutubeSearchResponse.swift in Sources */ = {isa = PBXBuildFile; fileRef = AF64FFFA2822AA4300DE0732 /* YoutubeSearchResponse.swift */; };
		AF64FFFD2822B1DF00DE0732 /* TitlePreviewViewController.swift in Sources */ = {isa = PBXBuildFile; fileRef = AF64FFFC2822B1DF00DE0732 /* TitlePreviewViewController.swift */; };
		AF64FFFF2822B5F600DE0732 /* TitlePreviewModel.swift in Sources */ = {isa = PBXBuildFile; fileRef = AF64FFFE2822B5F600DE0732 /* TitlePreviewModel.swift */; };
		AF9C729B28941FA5003B6CF7 /* CoordinatorProtocol.swift in Sources */ = {isa = PBXBuildFile; fileRef = AF9C729A28941FA5003B6CF7 /* CoordinatorProtocol.swift */; };
		AF9C729D28942007003B6CF7 /* HomeCoordinator.swift in Sources */ = {isa = PBXBuildFile; fileRef = AF9C729C28942007003B6CF7 /* HomeCoordinator.swift */; };
		AF9C729F28942084003B6CF7 /* SearchCoordinator.swift in Sources */ = {isa = PBXBuildFile; fileRef = AF9C729E28942084003B6CF7 /* SearchCoordinator.swift */; };
		AF9C72A12894209D003B6CF7 /* PreviewCoordinator.swift in Sources */ = {isa = PBXBuildFile; fileRef = AF9C72A02894209D003B6CF7 /* PreviewCoordinator.swift */; };
		AF9C72A3289420B1003B6CF7 /* ProfileCoordinator.swift in Sources */ = {isa = PBXBuildFile; fileRef = AF9C72A2289420B1003B6CF7 /* ProfileCoordinator.swift */; };
		AF9C72A5289420C3003B6CF7 /* DownloadsCoordinator.swift in Sources */ = {isa = PBXBuildFile; fileRef = AF9C72A4289420C3003B6CF7 /* DownloadsCoordinator.swift */; };
		AF9C72A7289420D6003B6CF7 /* UpcomingCoordinator.swift in Sources */ = {isa = PBXBuildFile; fileRef = AF9C72A6289420D6003B6CF7 /* UpcomingCoordinator.swift */; };
		AF9C72A928942A2E003B6CF7 /* HomeViewModel.swift in Sources */ = {isa = PBXBuildFile; fileRef = AF9C72A828942A2E003B6CF7 /* HomeViewModel.swift */; };
		AF9C72AB2894340C003B6CF7 /* SearchViewModel.swift in Sources */ = {isa = PBXBuildFile; fileRef = AF9C72AA2894340C003B6CF7 /* SearchViewModel.swift */; };
		AF9C72AD28943522003B6CF7 /* UpcomingViewModel.swift in Sources */ = {isa = PBXBuildFile; fileRef = AF9C72AC28943522003B6CF7 /* UpcomingViewModel.swift */; };
		AFAA97982824126E005DB846 /* DataPersistenceManager.swift in Sources */ = {isa = PBXBuildFile; fileRef = AFAA97972824126E005DB846 /* DataPersistenceManager.swift */; };
		AFC04EA3282014C80036469A /* APICaller.swift in Sources */ = {isa = PBXBuildFile; fileRef = AFC04EA2282014C80036469A /* APICaller.swift */; };
		AFC04EA52820187B0036469A /* Title.swift in Sources */ = {isa = PBXBuildFile; fileRef = AFC04EA42820187B0036469A /* Title.swift */; };
		AFC04EA7282025570036469A /* Extensions.swift in Sources */ = {isa = PBXBuildFile; fileRef = AFC04EA6282025570036469A /* Extensions.swift */; };
		AFC04EAB28203F670036469A /* TitleCollectionViewCell.swift in Sources */ = {isa = PBXBuildFile; fileRef = AFC04EAA28203F670036469A /* TitleCollectionViewCell.swift */; };
		AFC04EAE282040D20036469A /* SDWebImage in Frameworks */ = {isa = PBXBuildFile; productRef = AFC04EAD282040D20036469A /* SDWebImage */; };
		AFC04EB0282040D20036469A /* SDWebImageMapKit in Frameworks */ = {isa = PBXBuildFile; productRef = AFC04EAF282040D20036469A /* SDWebImageMapKit */; };
		AFCE1ABA2824104E000BB31B /* NetflixCloneModel.xcdatamodeld in Sources */ = {isa = PBXBuildFile; fileRef = AFCE1AB82824104E000BB31B /* NetflixCloneModel.xcdatamodeld */; };
		AFCED40E289471EA0083C1D5 /* DownloadsViewModel.swift in Sources */ = {isa = PBXBuildFile; fileRef = AFCED40D289471EA0083C1D5 /* DownloadsViewModel.swift */; };
/* End PBXBuildFile section */

/* Begin PBXFileReference section */
		AF07D27B2819AFDA00256E14 /* Netflix Clone.app */ = {isa = PBXFileReference; explicitFileType = wrapper.application; includeInIndex = 0; path = "Netflix Clone.app"; sourceTree = BUILT_PRODUCTS_DIR; };
		AF07D27E2819AFDA00256E14 /* AppDelegate.swift */ = {isa = PBXFileReference; lastKnownFileType = sourcecode.swift; path = AppDelegate.swift; sourceTree = "<group>"; };
		AF07D2802819AFDA00256E14 /* SceneDelegate.swift */ = {isa = PBXFileReference; lastKnownFileType = sourcecode.swift; path = SceneDelegate.swift; sourceTree = "<group>"; };
		AF07D2822819AFDA00256E14 /* MainTabBarController.swift */ = {isa = PBXFileReference; lastKnownFileType = sourcecode.swift; path = MainTabBarController.swift; sourceTree = "<group>"; };
		AF07D2872819AFDD00256E14 /* Assets.xcassets */ = {isa = PBXFileReference; lastKnownFileType = folder.assetcatalog; path = Assets.xcassets; sourceTree = "<group>"; };
		AF07D28A2819AFDD00256E14 /* Base */ = {isa = PBXFileReference; lastKnownFileType = file.storyboard; name = Base; path = Base.lproj/LaunchScreen.storyboard; sourceTree = "<group>"; };
		AF07D28C2819AFDD00256E14 /* Info.plist */ = {isa = PBXFileReference; lastKnownFileType = text.plist.xml; path = Info.plist; sourceTree = "<group>"; };
		AF07D2932819B1AB00256E14 /* HomeViewController.swift */ = {isa = PBXFileReference; lastKnownFileType = sourcecode.swift; path = HomeViewController.swift; sourceTree = "<group>"; };
		AF07D2952819B1D200256E14 /* UpcomingViewController.swift */ = {isa = PBXFileReference; lastKnownFileType = sourcecode.swift; path = UpcomingViewController.swift; sourceTree = "<group>"; };
		AF07D2972819B1EC00256E14 /* SearchViewController.swift */ = {isa = PBXFileReference; lastKnownFileType = sourcecode.swift; path = SearchViewController.swift; sourceTree = "<group>"; };
		AF07D2992819B20A00256E14 /* DownloadsViewController.swift */ = {isa = PBXFileReference; lastKnownFileType = sourcecode.swift; path = DownloadsViewController.swift; sourceTree = "<group>"; };
		AF07D2A02819DFCD00256E14 /* CollectionViewTableViewCell.swift */ = {isa = PBXFileReference; lastKnownFileType = sourcecode.swift; path = CollectionViewTableViewCell.swift; sourceTree = "<group>"; };
		AF07D2A22819E6E600256E14 /* HeroHeaderUIView.swift */ = {isa = PBXFileReference; lastKnownFileType = sourcecode.swift; path = HeroHeaderUIView.swift; sourceTree = "<group>"; };
		AF64FFF2282160DB00DE0732 /* TitleTableViewCell.swift */ = {isa = PBXFileReference; lastKnownFileType = sourcecode.swift; path = TitleTableViewCell.swift; sourceTree = "<group>"; };
		AF64FFF4282163E500DE0732 /* TitleModel.swift */ = {isa = PBXFileReference; lastKnownFileType = sourcecode.swift; path = TitleModel.swift; sourceTree = "<group>"; };
		AF64FFF6282195B800DE0732 /* SearchResultsViewController.swift */ = {isa = PBXFileReference; lastKnownFileType = sourcecode.swift; path = SearchResultsViewController.swift; sourceTree = "<group>"; };
		AF64FFFA2822AA4300DE0732 /* YoutubeSearchResponse.swift */ = {isa = PBXFileReference; lastKnownFileType = sourcecode.swift; path = YoutubeSearchResponse.swift; sourceTree = "<group>"; };
		AF64FFFC2822B1DF00DE0732 /* TitlePreviewViewController.swift */ = {isa = PBXFileReference; lastKnownFileType = sourcecode.swift; path = TitlePreviewViewController.swift; sourceTree = "<group>"; };
		AF64FFFE2822B5F600DE0732 /* TitlePreviewModel.swift */ = {isa = PBXFileReference; lastKnownFileType = sourcecode.swift; path = TitlePreviewModel.swift; sourceTree = "<group>"; };
		AF9C729A28941FA5003B6CF7 /* CoordinatorProtocol.swift */ = {isa = PBXFileReference; lastKnownFileType = sourcecode.swift; path = CoordinatorProtocol.swift; sourceTree = "<group>"; };
		AF9C729C28942007003B6CF7 /* HomeCoordinator.swift */ = {isa = PBXFileReference; lastKnownFileType = sourcecode.swift; path = HomeCoordinator.swift; sourceTree = "<group>"; };
		AF9C729E28942084003B6CF7 /* SearchCoordinator.swift */ = {isa = PBXFileReference; lastKnownFileType = sourcecode.swift; path = SearchCoordinator.swift; sourceTree = "<group>"; };
		AF9C72A02894209D003B6CF7 /* PreviewCoordinator.swift */ = {isa = PBXFileReference; lastKnownFileType = sourcecode.swift; path = PreviewCoordinator.swift; sourceTree = "<group>"; };
		AF9C72A2289420B1003B6CF7 /* ProfileCoordinator.swift */ = {isa = PBXFileReference; lastKnownFileType = sourcecode.swift; path = ProfileCoordinator.swift; sourceTree = "<group>"; };
		AF9C72A4289420C3003B6CF7 /* DownloadsCoordinator.swift */ = {isa = PBXFileReference; lastKnownFileType = sourcecode.swift; path = DownloadsCoordinator.swift; sourceTree = "<group>"; };
		AF9C72A6289420D6003B6CF7 /* UpcomingCoordinator.swift */ = {isa = PBXFileReference; lastKnownFileType = sourcecode.swift; path = UpcomingCoordinator.swift; sourceTree = "<group>"; };
		AF9C72A828942A2E003B6CF7 /* HomeViewModel.swift */ = {isa = PBXFileReference; lastKnownFileType = sourcecode.swift; path = HomeViewModel.swift; sourceTree = "<group>"; };
		AF9C72AA2894340C003B6CF7 /* SearchViewModel.swift */ = {isa = PBXFileReference; lastKnownFileType = sourcecode.swift; path = SearchViewModel.swift; sourceTree = "<group>"; };
		AF9C72AC28943522003B6CF7 /* UpcomingViewModel.swift */ = {isa = PBXFileReference; lastKnownFileType = sourcecode.swift; path = UpcomingViewModel.swift; sourceTree = "<group>"; };
		AFAA97972824126E005DB846 /* DataPersistenceManager.swift */ = {isa = PBXFileReference; lastKnownFileType = sourcecode.swift; path = DataPersistenceManager.swift; sourceTree = "<group>"; };
		AFC04EA2282014C80036469A /* APICaller.swift */ = {isa = PBXFileReference; lastKnownFileType = sourcecode.swift; path = APICaller.swift; sourceTree = "<group>"; };
		AFC04EA42820187B0036469A /* Title.swift */ = {isa = PBXFileReference; lastKnownFileType = sourcecode.swift; path = Title.swift; sourceTree = "<group>"; };
		AFC04EA6282025570036469A /* Extensions.swift */ = {isa = PBXFileReference; lastKnownFileType = sourcecode.swift; path = Extensions.swift; sourceTree = "<group>"; };
		AFC04EAA28203F670036469A /* TitleCollectionViewCell.swift */ = {isa = PBXFileReference; lastKnownFileType = sourcecode.swift; path = TitleCollectionViewCell.swift; sourceTree = "<group>"; };
		AFCE1AB92824104E000BB31B /* NetflixCloneModel.xcdatamodel */ = {isa = PBXFileReference; lastKnownFileType = wrapper.xcdatamodel; path = NetflixCloneModel.xcdatamodel; sourceTree = "<group>"; };
		AFCED40D289471EA0083C1D5 /* DownloadsViewModel.swift */ = {isa = PBXFileReference; lastKnownFileType = sourcecode.swift; path = DownloadsViewModel.swift; sourceTree = "<group>"; };
/* End PBXFileReference section */

/* Begin PBXFrameworksBuildPhase section */
		AF07D2782819AFDA00256E14 /* Frameworks */ = {
			isa = PBXFrameworksBuildPhase;
			buildActionMask = 2147483647;
			files = (
				AFC04EB0282040D20036469A /* SDWebImageMapKit in Frameworks */,
				AFC04EAE282040D20036469A /* SDWebImage in Frameworks */,
			);
			runOnlyForDeploymentPostprocessing = 0;
		};
/* End PBXFrameworksBuildPhase section */

/* Begin PBXGroup section */
		AF07D2722819AFDA00256E14 = {
			isa = PBXGroup;
			children = (
				AF07D27D2819AFDA00256E14 /* Netflix Clone */,
				AF07D27C2819AFDA00256E14 /* Products */,
			);
			sourceTree = "<group>";
		};
		AF07D27C2819AFDA00256E14 /* Products */ = {
			isa = PBXGroup;
			children = (
				AF07D27B2819AFDA00256E14 /* Netflix Clone.app */,
			);
			name = Products;
			sourceTree = "<group>";
		};
		AF07D27D2819AFDA00256E14 /* Netflix Clone */ = {
			isa = PBXGroup;
			children = (
				AF9C729928941F91003B6CF7 /* Coordinator */,
				AF9C729128941D01003B6CF7 /* Home */,
				AF9C729328941D14003B6CF7 /* Search */,
				AF9C729628941D94003B6CF7 /* Preview */,
				AF9C729528941D23003B6CF7 /* Profile */,
				AF9C729428941D1B003B6CF7 /* Downloads */,
				AF9C729228941D0C003B6CF7 /* Upcoming */,
				AF07D29F2819DF9600256E14 /* Managers */,
				AF07D29D2819DF7000256E14 /* Models */,
				AF07D29B2819DF6100256E14 /* ReusableViews */,
				AF07D2922819B17700256E14 /* TabBar */,
				AF07D29E2819DF8E00256E14 /* Resources */,
				AF9C729728941E56003B6CF7 /* Launch */,
				AF07D28C2819AFDD00256E14 /* Info.plist */,
				AFCE1AB82824104E000BB31B /* NetflixCloneModel.xcdatamodeld */,
			);
			path = "Netflix Clone";
			sourceTree = "<group>";
		};
		AF07D2922819B17700256E14 /* TabBar */ = {
			isa = PBXGroup;
			children = (
				AF07D2822819AFDA00256E14 /* MainTabBarController.swift */,
			);
			path = TabBar;
			sourceTree = "<group>";
		};
		AF07D29B2819DF6100256E14 /* ReusableViews */ = {
			isa = PBXGroup;
			children = (
				AFC04EAA28203F670036469A /* TitleCollectionViewCell.swift */,
				AF64FFF2282160DB00DE0732 /* TitleTableViewCell.swift */,
			);
			path = ReusableViews;
			sourceTree = "<group>";
		};
		AF07D29D2819DF7000256E14 /* Models */ = {
			isa = PBXGroup;
			children = (
				AF64FFF4282163E500DE0732 /* TitleModel.swift */,
				AFC04EA42820187B0036469A /* Title.swift */,
				AF64FFFA2822AA4300DE0732 /* YoutubeSearchResponse.swift */,
			);
			path = Models;
			sourceTree = "<group>";
		};
		AF07D29E2819DF8E00256E14 /* Resources */ = {
			isa = PBXGroup;
			children = (
				AF07D2872819AFDD00256E14 /* Assets.xcassets */,
				AFC04EA6282025570036469A /* Extensions.swift */,
			);
			path = Resources;
			sourceTree = "<group>";
		};
		AF07D29F2819DF9600256E14 /* Managers */ = {
			isa = PBXGroup;
			children = (
				AFC04EA2282014C80036469A /* APICaller.swift */,
				AFAA97972824126E005DB846 /* DataPersistenceManager.swift */,
			);
			path = Managers;
			sourceTree = "<group>";
		};
		AF9C729128941D01003B6CF7 /* Home */ = {
			isa = PBXGroup;
			children = (
				AF9C729C28942007003B6CF7 /* HomeCoordinator.swift */,
				AF07D2932819B1AB00256E14 /* HomeViewController.swift */,
				AF9C72A828942A2E003B6CF7 /* HomeViewModel.swift */,
				AF07D2A22819E6E600256E14 /* HeroHeaderUIView.swift */,
				AF07D2A02819DFCD00256E14 /* CollectionViewTableViewCell.swift */,
			);
			path = Home;
			sourceTree = "<group>";
		};
		AF9C729228941D0C003B6CF7 /* Upcoming */ = {
			isa = PBXGroup;
			children = (
				AF9C72A6289420D6003B6CF7 /* UpcomingCoordinator.swift */,
				AF07D2952819B1D200256E14 /* UpcomingViewController.swift */,
				AF9C72AC28943522003B6CF7 /* UpcomingViewModel.swift */,
			);
			path = Upcoming;
			sourceTree = "<group>";
		};
		AF9C729328941D14003B6CF7 /* Search */ = {
			isa = PBXGroup;
			children = (
				AF9C729E28942084003B6CF7 /* SearchCoordinator.swift */,
				AF64FFF6282195B800DE0732 /* SearchResultsViewController.swift */,
				AF07D2972819B1EC00256E14 /* SearchViewController.swift */,
				AF9C72AA2894340C003B6CF7 /* SearchViewModel.swift */,
			);
			path = Search;
			sourceTree = "<group>";
		};
		AF9C729428941D1B003B6CF7 /* Downloads */ = {
			isa = PBXGroup;
			children = (
				AF9C72A4289420C3003B6CF7 /* DownloadsCoordinator.swift */,
				AF07D2992819B20A00256E14 /* DownloadsViewController.swift */,
				AFCED40D289471EA0083C1D5 /* DownloadsViewModel.swift */,
			);
			path = Downloads;
			sourceTree = "<group>";
		};
		AF9C729528941D23003B6CF7 /* Profile */ = {
			isa = PBXGroup;
			children = (
				AF9C72A2289420B1003B6CF7 /* ProfileCoordinator.swift */,
			);
			path = Profile;
			sourceTree = "<group>";
		};
		AF9C729628941D94003B6CF7 /* Preview */ = {
			isa = PBXGroup;
			children = (
				AF9C72A02894209D003B6CF7 /* PreviewCoordinator.swift */,
				AF64FFFE2822B5F600DE0732 /* TitlePreviewModel.swift */,
				AF64FFFC2822B1DF00DE0732 /* TitlePreviewViewController.swift */,
			);
			path = Preview;
			sourceTree = "<group>";
		};
		AF9C729728941E56003B6CF7 /* Launch */ = {
			isa = PBXGroup;
			children = (
				AF07D2802819AFDA00256E14 /* SceneDelegate.swift */,
				AF07D2892819AFDD00256E14 /* LaunchScreen.storyboard */,
				AF07D27E2819AFDA00256E14 /* AppDelegate.swift */,
			);
			path = Launch;
			sourceTree = "<group>";
		};
		AF9C729928941F91003B6CF7 /* Coordinator */ = {
			isa = PBXGroup;
			children = (
				AF9C729A28941FA5003B6CF7 /* CoordinatorProtocol.swift */,
			);
			path = Coordinator;
			sourceTree = "<group>";
		};
/* End PBXGroup section */

/* Begin PBXNativeTarget section */
		AF07D27A2819AFDA00256E14 /* Netflix Clone */ = {
			isa = PBXNativeTarget;
			buildConfigurationList = AF07D28F2819AFDD00256E14 /* Build configuration list for PBXNativeTarget "Netflix Clone" */;
			buildPhases = (
				AF07D2772819AFDA00256E14 /* Sources */,
				AF07D2782819AFDA00256E14 /* Frameworks */,
				AF07D2792819AFDA00256E14 /* Resources */,
			);
			buildRules = (
			);
			dependencies = (
			);
			name = "Netflix Clone";
			packageProductDependencies = (
				AFC04EAD282040D20036469A /* SDWebImage */,
				AFC04EAF282040D20036469A /* SDWebImageMapKit */,
			);
			productName = "Netflix Clone";
			productReference = AF07D27B2819AFDA00256E14 /* Netflix Clone.app */;
			productType = "com.apple.product-type.application";
		};
/* End PBXNativeTarget section */

/* Begin PBXProject section */
		AF07D2732819AFDA00256E14 /* Project object */ = {
			isa = PBXProject;
			attributes = {
				BuildIndependentTargetsInParallel = 1;
				LastSwiftUpdateCheck = 1320;
				LastUpgradeCheck = 1320;
				TargetAttributes = {
					AF07D27A2819AFDA00256E14 = {
						CreatedOnToolsVersion = 13.2.1;
					};
				};
			};
			buildConfigurationList = AF07D2762819AFDA00256E14 /* Build configuration list for PBXProject "Netflix Clone" */;
			compatibilityVersion = "Xcode 13.0";
			developmentRegion = en;
			hasScannedForEncodings = 0;
			knownRegions = (
				en,
				Base,
			);
			mainGroup = AF07D2722819AFDA00256E14;
			packageReferences = (
				AFC04EAC282040D20036469A /* XCRemoteSwiftPackageReference "SDWebImage" */,
			);
			productRefGroup = AF07D27C2819AFDA00256E14 /* Products */;
			projectDirPath = "";
			projectRoot = "";
			targets = (
				AF07D27A2819AFDA00256E14 /* Netflix Clone */,
			);
		};
/* End PBXProject section */

/* Begin PBXResourcesBuildPhase section */
		AF07D2792819AFDA00256E14 /* Resources */ = {
			isa = PBXResourcesBuildPhase;
			buildActionMask = 2147483647;
			files = (
				AF07D28B2819AFDD00256E14 /* LaunchScreen.storyboard in Resources */,
				AF07D2882819AFDD00256E14 /* Assets.xcassets in Resources */,
			);
			runOnlyForDeploymentPostprocessing = 0;
		};
/* End PBXResourcesBuildPhase section */

/* Begin PBXSourcesBuildPhase section */
		AF07D2772819AFDA00256E14 /* Sources */ = {
			isa = PBXSourcesBuildPhase;
			buildActionMask = 2147483647;
			files = (
				AF07D2982819B1EC00256E14 /* SearchViewController.swift in Sources */,
				AF64FFF7282195B800DE0732 /* SearchResultsViewController.swift in Sources */,
				AF07D2832819AFDA00256E14 /* MainTabBarController.swift in Sources */,
				AFAA97982824126E005DB846 /* DataPersistenceManager.swift in Sources */,
				AF9C729F28942084003B6CF7 /* SearchCoordinator.swift in Sources */,
				AF07D2A12819DFCE00256E14 /* CollectionViewTableViewCell.swift in Sources */,
				AF9C72AB2894340C003B6CF7 /* SearchViewModel.swift in Sources */,
				AFC04EA3282014C80036469A /* APICaller.swift in Sources */,
				AF9C72AD28943522003B6CF7 /* UpcomingViewModel.swift in Sources */,
				AF9C72A12894209D003B6CF7 /* PreviewCoordinator.swift in Sources */,
				AFCED40E289471EA0083C1D5 /* DownloadsViewModel.swift in Sources */,
				AF9C72A3289420B1003B6CF7 /* ProfileCoordinator.swift in Sources */,
				AF9C729B28941FA5003B6CF7 /* CoordinatorProtocol.swift in Sources */,
				AF07D2A32819E6E600256E14 /* HeroHeaderUIView.swift in Sources */,
				AFCE1ABA2824104E000BB31B /* NetflixCloneModel.xcdatamodeld in Sources */,
				AF07D29A2819B20A00256E14 /* DownloadsViewController.swift in Sources */,
				AFC04EAB28203F670036469A /* TitleCollectionViewCell.swift in Sources */,
				AF9C72A7289420D6003B6CF7 /* UpcomingCoordinator.swift in Sources */,
				AF9C72A928942A2E003B6CF7 /* HomeViewModel.swift in Sources */,
				AF07D27F2819AFDA00256E14 /* AppDelegate.swift in Sources */,
				AFC04EA7282025570036469A /* Extensions.swift in Sources */,
				AF9C72A5289420C3003B6CF7 /* DownloadsCoordinator.swift in Sources */,
				AF64FFF3282160DB00DE0732 /* TitleTableViewCell.swift in Sources */,
				AF64FFFB2822AA4300DE0732 /* YoutubeSearchResponse.swift in Sources */,
				AF07D2812819AFDA00256E14 /* SceneDelegate.swift in Sources */,
				AF9C729D28942007003B6CF7 /* HomeCoordinator.swift in Sources */,
				AF64FFFF2822B5F600DE0732 /* TitlePreviewModel.swift in Sources */,
				AF07D2962819B1D200256E14 /* UpcomingViewController.swift in Sources */,
				AF64FFFD2822B1DF00DE0732 /* TitlePreviewViewController.swift in Sources */,
				AF64FFF5282163E500DE0732 /* TitleModel.swift in Sources */,
				AFC04EA52820187B0036469A /* Title.swift in Sources */,
				AF07D2942819B1AB00256E14 /* HomeViewController.swift in Sources */,
			);
			runOnlyForDeploymentPostprocessing = 0;
		};
/* End PBXSourcesBuildPhase section */

/* Begin PBXVariantGroup section */
		AF07D2892819AFDD00256E14 /* LaunchScreen.storyboard */ = {
			isa = PBXVariantGroup;
			children = (
				AF07D28A2819AFDD00256E14 /* Base */,
			);
			name = LaunchScreen.storyboard;
			sourceTree = "<group>";
		};
/* End PBXVariantGroup section */

/* Begin XCBuildConfiguration section */
		AF07D28D2819AFDD00256E14 /* Debug */ = {
			isa = XCBuildConfiguration;
			buildSettings = {
				ALWAYS_SEARCH_USER_PATHS = NO;
				CLANG_ANALYZER_NONNULL = YES;
				CLANG_ANALYZER_NUMBER_OBJECT_CONVERSION = YES_AGGRESSIVE;
				CLANG_CXX_LANGUAGE_STANDARD = "gnu++17";
				CLANG_CXX_LIBRARY = "libc++";
				CLANG_ENABLE_MODULES = YES;
				CLANG_ENABLE_OBJC_ARC = YES;
				CLANG_ENABLE_OBJC_WEAK = YES;
				CLANG_WARN_BLOCK_CAPTURE_AUTORELEASING = YES;
				CLANG_WARN_BOOL_CONVERSION = YES;
				CLANG_WARN_COMMA = YES;
				CLANG_WARN_CONSTANT_CONVERSION = YES;
				CLANG_WARN_DEPRECATED_OBJC_IMPLEMENTATIONS = YES;
				CLANG_WARN_DIRECT_OBJC_ISA_USAGE = YES_ERROR;
				CLANG_WARN_DOCUMENTATION_COMMENTS = YES;
				CLANG_WARN_EMPTY_BODY = YES;
				CLANG_WARN_ENUM_CONVERSION = YES;
				CLANG_WARN_INFINITE_RECURSION = YES;
				CLANG_WARN_INT_CONVERSION = YES;
				CLANG_WARN_NON_LITERAL_NULL_CONVERSION = YES;
				CLANG_WARN_OBJC_IMPLICIT_RETAIN_SELF = YES;
				CLANG_WARN_OBJC_LITERAL_CONVERSION = YES;
				CLANG_WARN_OBJC_ROOT_CLASS = YES_ERROR;
				CLANG_WARN_QUOTED_INCLUDE_IN_FRAMEWORK_HEADER = YES;
				CLANG_WARN_RANGE_LOOP_ANALYSIS = YES;
				CLANG_WARN_STRICT_PROTOTYPES = YES;
				CLANG_WARN_SUSPICIOUS_MOVE = YES;
				CLANG_WARN_UNGUARDED_AVAILABILITY = YES_AGGRESSIVE;
				CLANG_WARN_UNREACHABLE_CODE = YES;
				CLANG_WARN__DUPLICATE_METHOD_MATCH = YES;
				COPY_PHASE_STRIP = NO;
				DEBUG_INFORMATION_FORMAT = dwarf;
				ENABLE_STRICT_OBJC_MSGSEND = YES;
				ENABLE_TESTABILITY = YES;
				GCC_C_LANGUAGE_STANDARD = gnu11;
				GCC_DYNAMIC_NO_PIC = NO;
				GCC_NO_COMMON_BLOCKS = YES;
				GCC_OPTIMIZATION_LEVEL = 0;
				GCC_PREPROCESSOR_DEFINITIONS = (
					"DEBUG=1",
					"$(inherited)",
				);
				GCC_WARN_64_TO_32_BIT_CONVERSION = YES;
				GCC_WARN_ABOUT_RETURN_TYPE = YES_ERROR;
				GCC_WARN_UNDECLARED_SELECTOR = YES;
				GCC_WARN_UNINITIALIZED_AUTOS = YES_AGGRESSIVE;
				GCC_WARN_UNUSED_FUNCTION = YES;
				GCC_WARN_UNUSED_VARIABLE = YES;
				IPHONEOS_DEPLOYMENT_TARGET = 15.2;
				MTL_ENABLE_DEBUG_INFO = INCLUDE_SOURCE;
				MTL_FAST_MATH = YES;
				ONLY_ACTIVE_ARCH = YES;
				SDKROOT = iphoneos;
				SWIFT_ACTIVE_COMPILATION_CONDITIONS = DEBUG;
				SWIFT_OPTIMIZATION_LEVEL = "-Onone";
			};
			name = Debug;
		};
		AF07D28E2819AFDD00256E14 /* Release */ = {
			isa = XCBuildConfiguration;
			buildSettings = {
				ALWAYS_SEARCH_USER_PATHS = NO;
				CLANG_ANALYZER_NONNULL = YES;
				CLANG_ANALYZER_NUMBER_OBJECT_CONVERSION = YES_AGGRESSIVE;
				CLANG_CXX_LANGUAGE_STANDARD = "gnu++17";
				CLANG_CXX_LIBRARY = "libc++";
				CLANG_ENABLE_MODULES = YES;
				CLANG_ENABLE_OBJC_ARC = YES;
				CLANG_ENABLE_OBJC_WEAK = YES;
				CLANG_WARN_BLOCK_CAPTURE_AUTORELEASING = YES;
				CLANG_WARN_BOOL_CONVERSION = YES;
				CLANG_WARN_COMMA = YES;
				CLANG_WARN_CONSTANT_CONVERSION = YES;
				CLANG_WARN_DEPRECATED_OBJC_IMPLEMENTATIONS = YES;
				CLANG_WARN_DIRECT_OBJC_ISA_USAGE = YES_ERROR;
				CLANG_WARN_DOCUMENTATION_COMMENTS = YES;
				CLANG_WARN_EMPTY_BODY = YES;
				CLANG_WARN_ENUM_CONVERSION = YES;
				CLANG_WARN_INFINITE_RECURSION = YES;
				CLANG_WARN_INT_CONVERSION = YES;
				CLANG_WARN_NON_LITERAL_NULL_CONVERSION = YES;
				CLANG_WARN_OBJC_IMPLICIT_RETAIN_SELF = YES;
				CLANG_WARN_OBJC_LITERAL_CONVERSION = YES;
				CLANG_WARN_OBJC_ROOT_CLASS = YES_ERROR;
				CLANG_WARN_QUOTED_INCLUDE_IN_FRAMEWORK_HEADER = YES;
				CLANG_WARN_RANGE_LOOP_ANALYSIS = YES;
				CLANG_WARN_STRICT_PROTOTYPES = YES;
				CLANG_WARN_SUSPICIOUS_MOVE = YES;
				CLANG_WARN_UNGUARDED_AVAILABILITY = YES_AGGRESSIVE;
				CLANG_WARN_UNREACHABLE_CODE = YES;
				CLANG_WARN__DUPLICATE_METHOD_MATCH = YES;
				COPY_PHASE_STRIP = NO;
				DEBUG_INFORMATION_FORMAT = "dwarf-with-dsym";
				ENABLE_NS_ASSERTIONS = NO;
				ENABLE_STRICT_OBJC_MSGSEND = YES;
				GCC_C_LANGUAGE_STANDARD = gnu11;
				GCC_NO_COMMON_BLOCKS = YES;
				GCC_WARN_64_TO_32_BIT_CONVERSION = YES;
				GCC_WARN_ABOUT_RETURN_TYPE = YES_ERROR;
				GCC_WARN_UNDECLARED_SELECTOR = YES;
				GCC_WARN_UNINITIALIZED_AUTOS = YES_AGGRESSIVE;
				GCC_WARN_UNUSED_FUNCTION = YES;
				GCC_WARN_UNUSED_VARIABLE = YES;
				IPHONEOS_DEPLOYMENT_TARGET = 15.2;
				MTL_ENABLE_DEBUG_INFO = NO;
				MTL_FAST_MATH = YES;
				SDKROOT = iphoneos;
				SWIFT_COMPILATION_MODE = wholemodule;
				SWIFT_OPTIMIZATION_LEVEL = "-O";
				VALIDATE_PRODUCT = YES;
			};
			name = Release;
		};
		AF07D2902819AFDD00256E14 /* Debug */ = {
			isa = XCBuildConfiguration;
			buildSettings = {
				ASSETCATALOG_COMPILER_APPICON_NAME = AppIcon;
				ASSETCATALOG_COMPILER_GLOBAL_ACCENT_COLOR_NAME = AccentColor;
				CODE_SIGN_STYLE = Automatic;
				CURRENT_PROJECT_VERSION = 1;
				DEVELOPMENT_TEAM = RRG4UPX9CR;
				GENERATE_INFOPLIST_FILE = YES;
				INFOPLIST_FILE = "Netflix Clone/Info.plist";
				INFOPLIST_KEY_UIApplicationSupportsIndirectInputEvents = YES;
				INFOPLIST_KEY_UILaunchStoryboardName = LaunchScreen;
				INFOPLIST_KEY_UISupportedInterfaceOrientations_iPad = "UIInterfaceOrientationPortrait UIInterfaceOrientationPortraitUpsideDown UIInterfaceOrientationLandscapeLeft UIInterfaceOrientationLandscapeRight";
				INFOPLIST_KEY_UISupportedInterfaceOrientations_iPhone = "UIInterfaceOrientationPortrait UIInterfaceOrientationLandscapeLeft UIInterfaceOrientationLandscapeRight";
				LD_RUNPATH_SEARCH_PATHS = (
					"$(inherited)",
					"@executable_path/Frameworks",
				);
				MARKETING_VERSION = 1.0;
				PRODUCT_BUNDLE_IDENTIFIER = "com.calebngai.Netflix-Clone";
				PRODUCT_NAME = "$(TARGET_NAME)";
				SWIFT_EMIT_LOC_STRINGS = YES;
				SWIFT_VERSION = 5.0;
				TARGETED_DEVICE_FAMILY = "1,2";
			};
			name = Debug;
		};
		AF07D2912819AFDD00256E14 /* Release */ = {
			isa = XCBuildConfiguration;
			buildSettings = {
				ASSETCATALOG_COMPILER_APPICON_NAME = AppIcon;
				ASSETCATALOG_COMPILER_GLOBAL_ACCENT_COLOR_NAME = AccentColor;
				CODE_SIGN_STYLE = Automatic;
				CURRENT_PROJECT_VERSION = 1;
				DEVELOPMENT_TEAM = RRG4UPX9CR;
				GENERATE_INFOPLIST_FILE = YES;
				INFOPLIST_FILE = "Netflix Clone/Info.plist";
				INFOPLIST_KEY_UIApplicationSupportsIndirectInputEvents = YES;
				INFOPLIST_KEY_UILaunchStoryboardName = LaunchScreen;
				INFOPLIST_KEY_UISupportedInterfaceOrientations_iPad = "UIInterfaceOrientationPortrait UIInterfaceOrientationPortraitUpsideDown UIInterfaceOrientationLandscapeLeft UIInterfaceOrientationLandscapeRight";
				INFOPLIST_KEY_UISupportedInterfaceOrientations_iPhone = "UIInterfaceOrientationPortrait UIInterfaceOrientationLandscapeLeft UIInterfaceOrientationLandscapeRight";
				LD_RUNPATH_SEARCH_PATHS = (
					"$(inherited)",
					"@executable_path/Frameworks",
				);
				MARKETING_VERSION = 1.0;
				PRODUCT_BUNDLE_IDENTIFIER = "com.calebngai.Netflix-Clone";
				PRODUCT_NAME = "$(TARGET_NAME)";
				SWIFT_EMIT_LOC_STRINGS = YES;
				SWIFT_VERSION = 5.0;
				TARGETED_DEVICE_FAMILY = "1,2";
			};
			name = Release;
		};
/* End XCBuildConfiguration section */

/* Begin XCConfigurationList section */
		AF07D2762819AFDA00256E14 /* Build configuration list for PBXProject "Netflix Clone" */ = {
			isa = XCConfigurationList;
			buildConfigurations = (
				AF07D28D2819AFDD00256E14 /* Debug */,
				AF07D28E2819AFDD00256E14 /* Release */,
			);
			defaultConfigurationIsVisible = 0;
			defaultConfigurationName = Release;
		};
		AF07D28F2819AFDD00256E14 /* Build configuration list for PBXNativeTarget "Netflix Clone" */ = {
			isa = XCConfigurationList;
			buildConfigurations = (
				AF07D2902819AFDD00256E14 /* Debug */,
				AF07D2912819AFDD00256E14 /* Release */,
			);
			defaultConfigurationIsVisible = 0;
			defaultConfigurationName = Release;
		};
/* End XCConfigurationList section */

/* Begin XCRemoteSwiftPackageReference section */
		AFC04EAC282040D20036469A /* XCRemoteSwiftPackageReference "SDWebImage" */ = {
			isa = XCRemoteSwiftPackageReference;
			repositoryURL = "https://github.com/SDWebImage/SDWebImage.git";
			requirement = {
				kind = upToNextMajorVersion;
				minimumVersion = 5.0.0;
			};
		};
/* End XCRemoteSwiftPackageReference section */

/* Begin XCSwiftPackageProductDependency section */
		AFC04EAD282040D20036469A /* SDWebImage */ = {
			isa = XCSwiftPackageProductDependency;
			package = AFC04EAC282040D20036469A /* XCRemoteSwiftPackageReference "SDWebImage" */;
			productName = SDWebImage;
		};
		AFC04EAF282040D20036469A /* SDWebImageMapKit */ = {
			isa = XCSwiftPackageProductDependency;
			package = AFC04EAC282040D20036469A /* XCRemoteSwiftPackageReference "SDWebImage" */;
			productName = SDWebImageMapKit;
		};
/* End XCSwiftPackageProductDependency section */

/* Begin XCVersionGroup section */
		AFCE1AB82824104E000BB31B /* NetflixCloneModel.xcdatamodeld */ = {
			isa = XCVersionGroup;
			children = (
				AFCE1AB92824104E000BB31B /* NetflixCloneModel.xcdatamodel */,
			);
			currentVersion = AFCE1AB92824104E000BB31B /* NetflixCloneModel.xcdatamodel */;
			path = NetflixCloneModel.xcdatamodeld;
			sourceTree = "<group>";
			versionGroupType = wrapper.xcdatamodel;
		};
/* End XCVersionGroup section */
	};
	rootObject = AF07D2732819AFDA00256E14 /* Project object */;
}
